
Microsoft Visual Studio Solution File, Format Version 12.00
# Visual Studio Version 17
VisualStudioVersion = 17.0.31903.59
MinimumVisualStudioVersion = 10.0.40219.1
Project("{F2A71F9B-5D33-465A-A702-920D77279786}") = "Aoc2023", "Aoc2023\Aoc2023.fsproj", "{2DC1CAA6-9ACA-4237-89DD-4F6BA97A1951}"
EndProject
Project("{F2A71F9B-5D33-465A-A702-920D77279786}") = "Aoc2023.Tests", "Aoc2023.Tests\Aoc2023.Tests.fsproj", "{D43D4E53-FDA2-410A-A2E4-EB43682DD650}"
EndProject
Global
	GlobalSection(SolutionConfigurationPlatforms) = preSolution
		Debug|Any CPU = Debug|Any CPU
		Release|Any CPU = Release|Any CPU
	EndGlobalSection
	GlobalSection(SolutionProperties) = preSolution
		HideSolutionNode = FALSE
	EndGlobalSection
	GlobalSection(ProjectConfigurationPlatforms) = postSolution
		{2DC1CAA6-9ACA-4237-89DD-4F6BA97A1951}.Debug|Any CPU.ActiveCfg = Debug|Any CPU
		{2DC1CAA6-9ACA-4237-89DD-4F6BA97A1951}.Debug|Any CPU.Build.0 = Debug|Any CPU
		{2DC1CAA6-9ACA-4237-89DD-4F6BA97A1951}.Release|Any CPU.ActiveCfg = Release|Any CPU
		{2DC1CAA6-9ACA-4237-89DD-4F6BA97A1951}.Release|Any CPU.Build.0 = Release|Any CPU
		{D43D4E53-FDA2-410A-A2E4-EB43682DD650}.Debug|Any CPU.ActiveCfg = Debug|Any CPU
		{D43D4E53-FDA2-410A-A2E4-EB43682DD650}.Debug|Any CPU.Build.0 = Debug|Any CPU
		{D43D4E53-FDA2-410A-A2E4-EB43682DD650}.Release|Any CPU.ActiveCfg = Release|Any CPU
		{D43D4E53-FDA2-410A-A2E4-EB43682DD650}.Release|Any CPU.Build.0 = Release|Any CPU
	EndGlobalSection
EndGlobal
